{
  "name": "public_html_laravel",
  "version": "1.0.0",
  "lockfileVersion": 2,
  "requires": true,
  "packages": {
    "": {
      "name": "public_html_laravel",
      "version": "1.0.0",
      "license": "ISC",
      "dependencies": {
        "jquery": "^3.6.0",
        "mindmap": "^0.0.8"
      },
      "devDependencies": {}
    },
    "node_modules/big-tree-cli": {
      "version": "0.1.6",
      "resolved": "https://registry.npmjs.org/big-tree-cli/-/big-tree-cli-0.1.6.tgz",
      "integrity": "sha1-REdheUr1Qy9nD7nEN9G4jMyloyo=",
      "dependencies": {
        "colors": "*"
      }
    },
    "node_modules/colors": {
      "version": "1.4.0",
      "resolved": "https://registry.npmjs.org/colors/-/colors-1.4.0.tgz",
      "integrity": "sha512-a+UqTh4kgZg/SlGvfbzDHpgRu7AAQOmmqRHJnxhRZICKFUT91brVhNNt58CMWU9PsBbv3PDCZUHbVxuDiH2mtA==",
      "engines": {
        "node": ">=0.1.90"
      }
    },
    "node_modules/hi-config": {
      "version": "1.0.6",
      "resolved": "https://registry.npmjs.org/hi-config/-/hi-config-1.0.6.tgz",
      "integrity": "sha1-fMM/H4ur3GLCWs52MqH8AmoqAR8="
    },
    "node_modules/hi-repl": {
      "version": "0.0.1",
      "resolved": "https://registry.npmjs.org/hi-repl/-/hi-repl-0.0.1.tgz",
      "integrity": "sha1-hCKUNJatLyDbLiDpqAOk80vZcx0="
    },
    "node_modules/jquery": {
      "version": "3.6.0",
      "resolved": "https://registry.npmjs.org/jquery/-/jquery-3.6.0.tgz",
      "integrity": "sha512-JVzAR/AjBvVt2BmYhxRCSYysDsPcssdmTFnzyLEts9qNwmjmu4JTAMYubEfwVOSwpQ1I1sKKFcxhZCI2buerfw=="
    },
    "node_modules/lodash": {
      "version": "4.17.21",
      "resolved": "https://registry.npmjs.org/lodash/-/lodash-4.17.21.tgz",
      "integrity": "sha512-v2kDEe57lecTulaDIuNTPy3Ry4gLGJ6Z1O3vE1krgXZNrsQ+LFTGHVxVjcXPs17LhbZVGedAJv8XZ1tvj5FvSg=="
    },
    "node_modules/mindmap": {
      "version": "0.0.8",
      "resolved": "https://registry.npmjs.org/mindmap/-/mindmap-0.0.8.tgz",
      "integrity": "sha1-ab/gXcJa9piVIg2DQluLueZq+1A=",
      "dependencies": {
        "big-tree-cli": ">=0.1.5",
        "hi-config": ">=1.0.6",
        "hi-repl": ">=0.0.1",
        "lodash": "*"
      },
      "bin": {
        "mindmap": "index.js"
      }
    }
  },
  "dependencies": {
    "big-tree-cli": {
      "version": "0.1.6",
      "resolved": "https://registry.npmjs.org/big-tree-cli/-/big-tree-cli-0.1.6.tgz",
      "integrity": "sha1-REdheUr1Qy9nD7nEN9G4jMyloyo=",
      "requires": {
        "colors": "*"
      }
    },
    "colors": {
      "version": "1.4.0",
      "resolved": "https://registry.npmjs.org/colors/-/colors-1.4.0.tgz",
      "integrity": "sha512-a+UqTh4kgZg/SlGvfbzDHpgRu7AAQOmmqRHJnxhRZICKFUT91brVhNNt58CMWU9PsBbv3PDCZUHbVxuDiH2mtA=="
    },
    "hi-config": {
      "version": "1.0.6",
      "resolved": "https://registry.npmjs.org/hi-config/-/hi-config-1.0.6.tgz",
      "integrity": "sha1-fMM/H4ur3GLCWs52MqH8AmoqAR8="
    },
    "hi-repl": {
      "version": "0.0.1",
      "resolved": "https://registry.npmjs.org/hi-repl/-/hi-repl-0.0.1.tgz",
      "integrity": "sha1-hCKUNJatLyDbLiDpqAOk80vZcx0="
    },
    "jquery": {
      "version": "3.6.0",
      "resolved": "https://registry.npmjs.org/jquery/-/jquery-3.6.0.tgz",
      "integrity": "sha512-JVzAR/AjBvVt2BmYhxRCSYysDsPcssdmTFnzyLEts9qNwmjmu4JTAMYubEfwVOSwpQ1I1sKKFcxhZCI2buerfw=="
    },
    "lodash": {
      "version": "4.17.21",
      "resolved": "https://registry.npmjs.org/lodash/-/lodash-4.17.21.tgz",
      "integrity": "sha512-v2kDEe57lecTulaDIuNTPy3Ry4gLGJ6Z1O3vE1krgXZNrsQ+LFTGHVxVjcXPs17LhbZVGedAJv8XZ1tvj5FvSg=="
    },
    "mindmap": {
      "version": "0.0.8",
      "resolved": "https://registry.npmjs.org/mindmap/-/mindmap-0.0.8.tgz",
      "integrity": "sha1-ab/gXcJa9piVIg2DQluLueZq+1A=",
      "requires": {
        "big-tree-cli": ">=0.1.5",
        "hi-config": ">=1.0.6",
        "hi-repl": ">=0.0.1",
        "lodash": "*"
      }
    }
  }
}
